{
  "name": "uk-house-aggregator",
  "lockfileVersion": 3,
  "requires": true,
  "packages": {
    "": {
      "name": "uk-house-aggregator",
      "version": "1.0.0",
      "license": "ISC",
      "dependencies": {
        "bcryptjs": "^2.4.3",
        "cors": "^2.8.5",
        "express": "^4.21.0",
        "jsonwebtoken": "^9.0.2",
        "nodemon": "^3.1.7",
        "pg": "^8.13.0",
        "@emotion/react": "^11.13.3",
        "@emotion/styled": "^11.13.0",
        "@mui/icons-material": "^6.1.2",
        "@mui/material": "^6.1.2",
        "axios": "^1.7.7",
        "next": "14.2.14",
        "react": "^18",
        "react-dom": "^18"
      }
    },
    "node_modules/@alloc/quick-lru": {
      "version": "5.2.0",
      "resolved": "https://registry.npmjs.org/@alloc/quick-lru/-/quick-lru-5.2.0.tgz",
      "integrity": "sha512-UrcABB+4bUrFABwbluTIBErXwvbsU/V7TZWfmbgJfbkwiBuziS9gxdODUyuiecfdGQ85jglMW6juS3+z5TsKLw==",
      "dev": true,
      "license": "MIT",
      "engines": {
        "node": ">=10"
      }
    },
    "node_modules/@eslint/eslintrc": {
      "version": "2.1.4",
      "resolved": "https://registry.npmjs.org/@eslint/eslintrc/-/eslintrc-2.1.4.tgz",
      "integrity": "sha512-269Z39MS6wVJtsoUl10L60WdkhJVdPG24Q4eZTH3nnF6lpvSShEK3wQjDX9JRWAUPvPh7COouPpU9IrqaZFvtQ==",
      "dev": true,
      "license": "MIT",
      "dependencies": {
        "ajv": "^6.12.4",
        "debug": "^4.3.2",
        "espree": "^10.0.1",
        "globals": "^14.0.0",
        "ignore": "^5.2.0",
        "import-fresh": "^3.2.1",
        "js-yaml": "^4.1.0",
        "minimatch": "^3.1.2",
        "strip-json-comments": "^3.1.1"
      },
      "engines": {
        "node": "^18.18.0 || ^20.9.0 || >=21.1.0"
      }
    },
    "node_modules/@emotion/react": {
      "version": "11.13.3",
      "resolved": "https://registry.npmjs.org/@emotion/react/-/react-11.13.3.tgz",
      "integrity": "sha512-lk+xRW5qxLEJFtSAt2f6c0F1RZsEKFMKN/F9gIhoV8yfVeyHLuAaTl1XOnU/lOTvkKcjkHZiWctytLMFMZP8WQ==",
      "dependencies": {
        "@emotion/sheet": "^1.2.2",
        "@emotion/utils": "^1.2.0",
        "@emotion/weak-memoize": "^0.2.5",
        "hoist-non-react-statics": "^3.3.1"
      },
      "engines": {
        "node": ">=0.10.0"
      }
    },
    "node_modules/@emotion/styled": {
      "version": "11.13.0",
      "resolved": "https://registry.npmjs.org/@emotion/styled/-/styled-11.13.0.tgz",
      "integrity": "sha512-XYfRqItqCjJ7gTVYelR+06t+Zoc/9/sFzdfqEHEkFo0T/1ov2dY/Ny4l9RC+t1E/SJ8CFSocEbC1VRSVGT2HbA==",
      "dependencies": {
        "@babel/runtime": "^7.16.0",
        "@emotion/react": "^11.0.0",
        "@emotion/styled-base": "^11.0.0",
        "hoist-non-react-statics": "^3.3.1"
      }
    },
    "node_modules/axios": {
      "version": "1.7.7",
      "resolved": "https://registry.npmjs.org/axios/-/axios-1.7.7.tgz",
      "integrity": "sha512-UwS2F5XPtwzNcHC2Ocnc/tRv5cyS7bF7tS1JZFcR8+nBFKMt3dr9hP82kB0RdN3bTHC3Sy1VZ8KgHwiCnD6WVw==",
      "dependencies": {
        "follow-redirects": "^1.15.1"
      },
      "engines": {
        "node": ">=12.0.0"
      }
    }
  },
  "dependencies": {
    "@emotion/react": {
      "version": "11.13.3"
    },
    "@emotion/styled": {
      "version": "11.13.0"
    },
    "@mui/icons-material": {
      "version": "6.1.2"
    },
    "@mui/material": {
      "version": "6.1.2"
    },
    "axios": {
      "version": "1.7.7"
    },
    "bcryptjs": {
      "version": "2.4.3"
    },
    "cors": {
      "version": "2.8.5"
    },
    "express": {
      "version": "4.21.0"
    },
    "jsonwebtoken": {
      "version": "9.0.2"
    },
    "next": {
      "version": "14.2.14"
    },
    "nodemon": {
      "version": "3.1.7"
    },
    "pg": {
      "version": "8.13.0"
    },
    "react": {
      "version": "18"
    },
    "react-dom": {
      "version": "18"
    }
  }
}

